# THIS IS AN AUTOGENERATED FILE. DO NOT EDIT THIS FILE DIRECTLY.
# yarn lockfile v1


cropperjs@^1.5.1:
  version "1.5.1"
  resolved "https://registry.yarnpkg.com/cropperjs/-/cropperjs-1.5.1.tgz#3bf93c6e89bf46d18cccc27160cd7d9b936cac7a"
  integrity sha512-b6+gzlkhxEUswBNVwYct6fz+sJYdbmW7F6dAXwNkjTVfZcPcXBYADnVzvxNYcSOPkh/ytzmTRktbNkg5/Uw/PQ==
